PODS:
  - Alamofire (4.5.0)
  - AlamofireImage (3.2.0):
    - Alamofire (~> 4.1)
  - GoogleMaps (2.4.0):
    - GoogleMaps/Maps (= 2.4.0)
  - GoogleMaps/Base (2.4.0)
  - GoogleMaps/Maps (2.4.0):
    - GoogleMaps/Base

DEPENDENCIES:
  - Alamofire (~> 4.4)
  - AlamofireImage (~> 3.1)
  - GoogleMaps

SPEC CHECKSUMS:
  Alamofire: f28cdffd29de33a7bfa022cbd63ae95a27fae140
  AlamofireImage: 157ed682cc81d3b9db4fb90c1f12180ac552d93b
  GoogleMaps: 8436ab5d1c25e36915b2f7416d0c8e3fa2e76c61

PODFILE CHECKSUM: b88d2223558a5600bbeb835284b04a61415d6afb

COCOAPODS: 1.4.0
